
Microsoft Visual Studio Solution File, Format Version 11.00
# Visual Studio 2010
Project("{FAE04EC0-301F-11D3-BF4B-00C04F79EFBC}") = "ArchGame", "ArchGame.csproj", "{F253772F-28A1-420E-A792-6DFE850B4B24}"
EndProject
Project("{2150E333-8FDC-42A3-9474-1A3956D46DE8}") = "Solution Items", "Solution Items", "{72ADEFC4-74E1-4B28-8B70-98EE52A8CED2}"
	ProjectSection(SolutionItems) = preProject
		ArchGame.vsmdi = ArchGame.vsmdi
	EndProjectSection
EndProject
Project("{FAE04EC0-301F-11D3-BF4B-00C04F79EFBC}") = "Test", "..\Test\Test\Test.csproj", "{1590EC87-415B-4540-8CDB-815BED51C320}"
EndProject
Project("{96E2B04D-8817-42C6-938A-82C39BA4D311}") = "TestContent", "..\Test\TestContent\TestContent.contentproj", "{FD8B2C2B-7322-4EF8-9FC0-0F24908BB0FA}"
EndProject
Global
	GlobalSection(TestCaseManagementSettings) = postSolution
		CategoryFile = ArchGame.vsmdi
	EndGlobalSection
	GlobalSection(SolutionConfigurationPlatforms) = preSolution
		Debug|Any CPU = Debug|Any CPU
		Debug|Mixed Platforms = Debug|Mixed Platforms
		Debug|x86 = Debug|x86
		Release|Any CPU = Release|Any CPU
		Release|Mixed Platforms = Release|Mixed Platforms
		Release|x86 = Release|x86
	EndGlobalSection
	GlobalSection(ProjectConfigurationPlatforms) = postSolution
		{F253772F-28A1-420E-A792-6DFE850B4B24}.Debug|Any CPU.ActiveCfg = Debug|x86
		{F253772F-28A1-420E-A792-6DFE850B4B24}.Debug|Mixed Platforms.ActiveCfg = Debug|x86
		{F253772F-28A1-420E-A792-6DFE850B4B24}.Debug|Mixed Platforms.Build.0 = Debug|x86
		{F253772F-28A1-420E-A792-6DFE850B4B24}.Debug|x86.ActiveCfg = Debug|x86
		{F253772F-28A1-420E-A792-6DFE850B4B24}.Debug|x86.Build.0 = Debug|x86
		{F253772F-28A1-420E-A792-6DFE850B4B24}.Release|Any CPU.ActiveCfg = Release|x86
		{F253772F-28A1-420E-A792-6DFE850B4B24}.Release|Mixed Platforms.ActiveCfg = Release|x86
		{F253772F-28A1-420E-A792-6DFE850B4B24}.Release|Mixed Platforms.Build.0 = Release|x86
		{F253772F-28A1-420E-A792-6DFE850B4B24}.Release|x86.ActiveCfg = Release|x86
		{F253772F-28A1-420E-A792-6DFE850B4B24}.Release|x86.Build.0 = Release|x86
		{1590EC87-415B-4540-8CDB-815BED51C320}.Debug|Any CPU.ActiveCfg = Debug|x86
		{1590EC87-415B-4540-8CDB-815BED51C320}.Debug|Mixed Platforms.ActiveCfg = Debug|x86
		{1590EC87-415B-4540-8CDB-815BED51C320}.Debug|Mixed Platforms.Build.0 = Debug|x86
		{1590EC87-415B-4540-8CDB-815BED51C320}.Debug|x86.ActiveCfg = Debug|x86
		{1590EC87-415B-4540-8CDB-815BED51C320}.Debug|x86.Build.0 = Debug|x86
		{1590EC87-415B-4540-8CDB-815BED51C320}.Release|Any CPU.ActiveCfg = Release|x86
		{1590EC87-415B-4540-8CDB-815BED51C320}.Release|Mixed Platforms.ActiveCfg = Release|x86
		{1590EC87-415B-4540-8CDB-815BED51C320}.Release|Mixed Platforms.Build.0 = Release|x86
		{1590EC87-415B-4540-8CDB-815BED51C320}.Release|x86.ActiveCfg = Release|x86
		{1590EC87-415B-4540-8CDB-815BED51C320}.Release|x86.Build.0 = Release|x86
		{FD8B2C2B-7322-4EF8-9FC0-0F24908BB0FA}.Debug|Any CPU.ActiveCfg = Debug|x86
		{FD8B2C2B-7322-4EF8-9FC0-0F24908BB0FA}.Debug|Mixed Platforms.ActiveCfg = Debug|x86
		{FD8B2C2B-7322-4EF8-9FC0-0F24908BB0FA}.Debug|x86.ActiveCfg = Debug|x86
		{FD8B2C2B-7322-4EF8-9FC0-0F24908BB0FA}.Release|Any CPU.ActiveCfg = Release|x86
		{FD8B2C2B-7322-4EF8-9FC0-0F24908BB0FA}.Release|Mixed Platforms.ActiveCfg = Release|x86
		{FD8B2C2B-7322-4EF8-9FC0-0F24908BB0FA}.Release|x86.ActiveCfg = Release|x86
	EndGlobalSection
	GlobalSection(SolutionProperties) = preSolution
		HideSolutionNode = FALSE
	EndGlobalSection
EndGlobal
